# -------------------------------------------------------------------------- #
#
# Copyright (C) 1991-2015 Altera Corporation. All rights reserved.
# Your use of Altera Corporation's design tools, logic functions 
# and other software and tools, and its AMPP partner logic 
# functions, and any output files from any of the foregoing 
# (including device programming or simulation files), and any 
# associated documentation or information are expressly subject 
# to the terms and conditions of the Altera Program License 
# Subscription Agreement, the Altera Quartus Prime License Agreement,
# the Altera MegaCore Function License Agreement, or other 
# applicable license agreement, including, without limitation, 
# that your use is for the sole purpose of programming logic 
# devices manufactured by Altera and sold by Altera or its 
# authorized distributors.  Please refer to the applicable 
# agreement for further details.
#
# -------------------------------------------------------------------------- #
#
# Quartus Prime
# Version 15.1.0 Build 185 10/21/2015 SJ Lite Edition
# Date created = 22:39:37  July 05, 2016
#
# -------------------------------------------------------------------------- #
#
# Notes:
#
# 1) The default values for assignments are stored in the file:
#		Datapath_test_harness_assignment_defaults.qdf
#    If this file doesn't exist, see file:
#		assignment_defaults.qdf
#
# 2) Altera recommends that you do not modify this file. This
#    file is updated automatically by the Quartus Prime software
#    and any changes you make may be lost or overwritten.
#
# -------------------------------------------------------------------------- #



# Project-Wide Assignments
# ========================
set_global_assignment -name LAST_QUARTUS_VERSION 15.1.0
set_global_assignment -name FLOW_DISABLE_ASSEMBLER ON
set_global_assignment -name SDC_FILE /home/laforest/Octavo/Octavo/Parts/SimSynth/timing_constraints_Altera.sdc
set_global_assignment -name VERILOG_FILE harness_input_register.v
set_global_assignment -name VERILOG_FILE harness_output_register.v
set_global_assignment -name VERILOG_FILE Global_Defines.vh
set_global_assignment -name VERILOG_FILE Inverter.v
set_global_assignment -name VERILOG_FILE Annuller.v
set_global_assignment -name VERILOG_FILE Register_Array.v
set_global_assignment -name VERILOG_FILE Write_Address_Split.v
set_global_assignment -name VERILOG_FILE Delay_Line.v
set_global_assignment -name VERILOG_FILE Address_Range_Translator.v
set_global_assignment -name VERILOG_FILE Address_Range_Decoder_Static.v
set_global_assignment -name VERILOG_FILE Binary_to_N_Decoder.v
set_global_assignment -name VERILOG_FILE Memory_Addressing.v
set_global_assignment -name VERILOG_FILE Addressed_Mux.v
set_global_assignment -name VERILOG_FILE Translated_Addressed_Mux.v
set_global_assignment -name VERILOG_FILE Bitwise_2to1_Mux.v
set_global_assignment -name VERILOG_FILE Dyadic_Boolean_Operations.vh
set_global_assignment -name VERILOG_FILE Dyadic_Boolean_Operator.v
set_global_assignment -name VERILOG_FILE AddSub_Ripple_Carry_NoCarry.v
set_global_assignment -name VERILOG_FILE R_Flags.v
set_global_assignment -name VERILOG_FILE Carryin_Calculator.v
set_global_assignment -name VERILOG_FILE Triadic_ALU_Operations.vh
set_global_assignment -name VERILOG_FILE Triadic_ALU.v
set_global_assignment -name VERILOG_FILE IO_Active.v
set_global_assignment -name VERILOG_FILE IO_All_Ready.v
set_global_assignment -name VERILOG_FILE IO_Check.v
set_global_assignment -name VERILOG_FILE IO_Read_Predication.v
set_global_assignment -name VERILOG_FILE IO_Write_Predication.v
set_global_assignment -name VERILOG_FILE RAM_SDP.v
set_global_assignment -name VERILOG_FILE Memory.v
set_global_assignment -name VERILOG_FILE Memory_IO_Predication.v
set_global_assignment -name VERILOG_FILE Datapath_IO_Predication.v
set_global_assignment -name VERILOG_FILE Datapath_Memory.v
set_global_assignment -name VERILOG_FILE Datapath.v
set_global_assignment -name VERILOG_FILE Datapath_test_harness.v
set_global_assignment -name FLOW_ENABLE_RTL_VIEWER ON

# Classic Timing Assignments
# ==========================
set_global_assignment -name MIN_CORE_JUNCTION_TEMP 0
set_global_assignment -name MAX_CORE_JUNCTION_TEMP 85
set_global_assignment -name TIMEQUEST_MULTICORNER_ANALYSIS OFF
set_global_assignment -name TIMEQUEST_DO_REPORT_TIMING ON

# Compiler Assignments
# ====================
set_global_assignment -name OPTIMIZATION_MODE "AGGRESSIVE PERFORMANCE"

# Analysis & Synthesis Assignments
# ================================
set_global_assignment -name FAMILY "Cyclone V"
set_global_assignment -name TOP_LEVEL_ENTITY Datapath_test_harness
set_global_assignment -name DEVICE_FILTER_SPEED_GRADE FASTEST
set_global_assignment -name OPTIMIZATION_TECHNIQUE SPEED
set_global_assignment -name ADV_NETLIST_OPT_SYNTH_WYSIWYG_REMAP ON
set_global_assignment -name AUTO_SHIFT_REGISTER_RECOGNITION OFF
set_global_assignment -name REMOVE_REDUNDANT_LOGIC_CELLS ON
set_global_assignment -name MUX_RESTRUCTURE OFF
set_global_assignment -name ALLOW_ANY_ROM_SIZE_FOR_RECOGNITION ON
set_global_assignment -name ALLOW_ANY_RAM_SIZE_FOR_RECOGNITION ON
set_global_assignment -name ALLOW_ANY_SHIFT_REGISTER_SIZE_FOR_RECOGNITION OFF
set_global_assignment -name AUTO_RAM_RECOGNITION ON
set_global_assignment -name AUTO_RAM_TO_LCELL_CONVERSION OFF
set_global_assignment -name SYNTH_TIMING_DRIVEN_SYNTHESIS ON
set_global_assignment -name USE_LOGICLOCK_CONSTRAINTS_IN_BALANCING ON
set_global_assignment -name SAVE_DISK_SPACE OFF
set_global_assignment -name REMOVE_DUPLICATE_REGISTERS ON
set_global_assignment -name AUTO_RESOURCE_SHARING OFF
set_global_assignment -name SYNCHRONIZATION_REGISTER_CHAIN_LENGTH 3
set_global_assignment -name SYNTH_PROTECT_SDC_CONSTRAINT OFF
set_global_assignment -name SYNTHESIS_EFFORT AUTO
set_global_assignment -name PRE_MAPPING_RESYNTHESIS ON
set_global_assignment -name AUTO_PARALLEL_SYNTHESIS ON
set_global_assignment -name SEARCH_PATH /home/laforest/Octavo/Octavo/Parts/Multithreading
set_global_assignment -name SEARCH_PATH /home/laforest/Octavo/Octavo/Parts/TestHarness/
set_global_assignment -name SEARCH_PATH /home/laforest/Octavo/Octavo/Parts/ALU/
set_global_assignment -name SEARCH_PATH /home/laforest/Octavo/Octavo/Parts/Misc/
set_global_assignment -name SEARCH_PATH /home/laforest/Octavo/Octavo/Parts/Multiplexers/
set_global_assignment -name SEARCH_PATH /home/laforest/Octavo/Octavo/Parts/Datapath/
set_global_assignment -name SEARCH_PATH /home/laforest/Octavo/Octavo/Parts/Memory/
set_global_assignment -name SEARCH_PATH /home/laforest/Octavo/Octavo/Parts/IO_Predication/
set_global_assignment -name SEARCH_PATH /home/laforest/Octavo/Octavo/Parts/Addressing/

# Fitter Assignments
# ==================
set_global_assignment -name DEVICE 5CGXFC5C6F27C7
set_global_assignment -name FITTER_EFFORT "STANDARD FIT"
set_global_assignment -name OPTIMIZE_IOC_REGISTER_PLACEMENT_FOR_TIMING OFF
set_global_assignment -name PHYSICAL_SYNTHESIS_COMBO_LOGIC ON
set_global_assignment -name PHYSICAL_SYNTHESIS_REGISTER_RETIMING ON
set_global_assignment -name PHYSICAL_SYNTHESIS_REGISTER_DUPLICATION ON
set_global_assignment -name PHYSICAL_SYNTHESIS_EFFORT EXTRA
set_global_assignment -name ROUTER_LCELL_INSERTION_AND_LOGIC_DUPLICATION ON
set_global_assignment -name ROUTER_TIMING_OPTIMIZATION_LEVEL MAXIMUM
set_global_assignment -name PHYSICAL_SYNTHESIS_COMBO_LOGIC_FOR_AREA OFF
set_global_assignment -name QII_AUTO_PACKED_REGISTERS NORMAL
set_global_assignment -name ROUTER_CLOCKING_TOPOLOGY_ANALYSIS ON
set_global_assignment -name PHYSICAL_SYNTHESIS_MAP_LOGIC_TO_MEMORY_FOR_AREA OFF
set_global_assignment -name BLOCK_RAM_TO_MLAB_CELL_CONVERSION OFF
set_global_assignment -name SEED 1
set_global_assignment -name PLACEMENT_EFFORT_MULTIPLIER 4
set_global_assignment -name ROUTER_EFFORT_MULTIPLIER 4
set_global_assignment -name AUTO_DELAY_CHAINS OFF
set_global_assignment -name OPTIMIZE_HOLD_TIMING OFF
set_global_assignment -name OPTIMIZE_MULTI_CORNER_TIMING ON
set_global_assignment -name BLOCK_RAM_AND_MLAB_EQUIVALENT_POWER_UP_CONDITIONS AUTO
set_global_assignment -name BLOCK_RAM_AND_MLAB_EQUIVALENT_PAUSED_READ_CAPABILITIES CARE
set_global_assignment -name OPTIMIZE_TIMING "NORMAL COMPILATION"
set_global_assignment -name FINAL_PLACEMENT_OPTIMIZATION ALWAYS
set_global_assignment -name FITTER_AGGRESSIVE_ROUTABILITY_OPTIMIZATION AUTOMATICALLY
set_global_assignment -name PERIPHERY_TO_CORE_PLACEMENT_AND_ROUTING_OPTIMIZATION OFF
set_global_assignment -name IO_PLACEMENT_OPTIMIZATION ON
set_global_assignment -name ROUTER_REGISTER_DUPLICATION AUTO
set_global_assignment -name OPTIMIZE_FOR_METASTABILITY ON
set_global_assignment -name FORCE_FITTER_TO_AVOID_PERIPHERY_PLACEMENT_WARNINGS OFF
set_global_assignment -name CLAMPING_DIODE OFF
set_global_assignment -name ADVANCED_PHYSICAL_OPTIMIZATION ON

# Design Assistant Assignments
# ============================
set_global_assignment -name ENABLE_DA_RULE "C101, C102, C103, C104, C105, C106, R101, R102, R103, R104, R105, T101, T102, A101, A102, A103, A104, A105, A106, A107, A108, A109, A110, S101, S102, S103, S104, D101, D102, D103, M101, M102, M103, M104, M105"
set_global_assignment -name ENABLE_DRC_SETTINGS ON

# Power Estimation Assignments
# ============================
set_global_assignment -name POWER_PRESET_COOLING_SOLUTION "NO HEAT SINK WITH STILL AIR"
set_global_assignment -name POWER_BOARD_THERMAL_MODEL "NONE (CONSERVATIVE)"
set_global_assignment -name POWER_USE_DEVICE_CHARACTERISTICS MAXIMUM

# Netlist Viewer Assignments
# ==========================
set_global_assignment -name RTLV_GROUP_COMB_LOGIC_IN_CLOUD_TMV OFF

# --------------------------------------
# start ENTITY(Datapath_test_harness)

	# start DESIGN_PARTITION(Top)
	# ---------------------------

		# Incremental Compilation Assignments
		# ===================================
set_global_assignment -name PARTITION_NETLIST_TYPE SOURCE -section_id Top
set_global_assignment -name PARTITION_FITTER_PRESERVATION_LEVEL PLACEMENT_AND_ROUTING -section_id Top
set_global_assignment -name PARTITION_COLOR 16764057 -section_id Top

	# end DESIGN_PARTITION(Top)
	# -------------------------

# end ENTITY(Datapath_test_harness)
# ------------------------------------


set_global_assignment -name OPTIMIZE_POWER_DURING_FITTING "NORMAL COMPILATION"
set_global_assignment -name ECO_OPTIMIZE_TIMING OFF
set_global_assignment -name ALM_REGISTER_PACKING_EFFORT MEDIUM





set_instance_assignment -name PARTITION_HIERARCHY root_partition -to | -section_id Top